
Microsoft Visual Studio Solution File, Format Version 12.00
# Visual Studio Version 17
VisualStudioVersion = 17.8.34525.116
MinimumVisualStudioVersion = 10.0.40219.1
Project("{FAE04EC0-301F-11D3-BF4B-00C04F79EFBC}") = "binarios", "binarios\binarios.csproj", "{7EA2706B-7514-4164-B836-7920C15D618C}"
EndProject
Global
	GlobalSection(SolutionConfigurationPlatforms) = preSolution
		Debug|Any CPU = Debug|Any CPU
		Release|Any CPU = Release|Any CPU
	EndGlobalSection
	GlobalSection(ProjectConfigurationPlatforms) = postSolution
		{7EA2706B-7514-4164-B836-7920C15D618C}.Debug|Any CPU.ActiveCfg = Debug|Any CPU
		{7EA2706B-7514-4164-B836-7920C15D618C}.Debug|Any CPU.Build.0 = Debug|Any CPU
		{7EA2706B-7514-4164-B836-7920C15D618C}.Release|Any CPU.ActiveCfg = Release|Any CPU
		{7EA2706B-7514-4164-B836-7920C15D618C}.Release|Any CPU.Build.0 = Release|Any CPU
	EndGlobalSection
	GlobalSection(SolutionProperties) = preSolution
		HideSolutionNode = FALSE
	EndGlobalSection
	GlobalSection(ExtensibilityGlobals) = postSolution
		SolutionGuid = {3A9C3AFD-2A04-4226-9791-ED1124617AE1}
	EndGlobalSection
EndGlobal
